// !$*UTF8*$!
{
	archiveVersion = 1;
	classes = {
	};
	objectVersion = 50;
	objects = {

/* Begin PBXBuildFile section */
		36B9BCF922E0CED800F77DA2 /* Identifiers.swift in Sources */ = {isa = PBXBuildFile; fileRef = 36AB0DB722DF765800794F6F /* Identifiers.swift */; };
		36B9BCFD22E0CF3300F77DA2 /* HomeViewController.swift in Sources */ = {isa = PBXBuildFile; fileRef = 36B9BCFC22E0CF3300F77DA2 /* HomeViewController.swift */; };
		36B9BD0322E0CF8000F77DA2 /* HomePresenter.swift in Sources */ = {isa = PBXBuildFile; fileRef = 36B9BD0222E0CF8000F77DA2 /* HomePresenter.swift */; };
		36B9BD0922E0CF9300F77DA2 /* LaunchScreen.storyboard in Resources */ = {isa = PBXBuildFile; fileRef = 36B9BD0522E0CF9300F77DA2 /* LaunchScreen.storyboard */; };
		36B9BD0A22E0CF9300F77DA2 /* Home.storyboard in Resources */ = {isa = PBXBuildFile; fileRef = 36B9BD0722E0CF9300F77DA2 /* Home.storyboard */; };
		36C5CD1622DE6E1100BFF1C7 /* AppDelegate.swift in Sources */ = {isa = PBXBuildFile; fileRef = 36C5CD1522DE6E1100BFF1C7 /* AppDelegate.swift */; };
		36C5CD1D22DE6E1300BFF1C7 /* Assets.xcassets in Resources */ = {isa = PBXBuildFile; fileRef = 36C5CD1C22DE6E1300BFF1C7 /* Assets.xcassets */; };
		36C5CD2B22DE6E1300BFF1C7 /* HomePresenterTests.swift in Sources */ = {isa = PBXBuildFile; fileRef = 36C5CD2A22DE6E1300BFF1C7 /* HomePresenterTests.swift */; };
		36C5CD3622DE6E1300BFF1C7 /* CurriculumUITests.swift in Sources */ = {isa = PBXBuildFile; fileRef = 36C5CD3522DE6E1300BFF1C7 /* CurriculumUITests.swift */; };
		C07CE9AB22E8B6DA004BD3A6 /* HomeViewController+UITableView.swift in Sources */ = {isa = PBXBuildFile; fileRef = C07CE9AA22E8B6DA004BD3A6 /* HomeViewController+UITableView.swift */; };
		C07CE9AD22E8C7D9004BD3A6 /* ClientTests.swift in Sources */ = {isa = PBXBuildFile; fileRef = C07CE9AC22E8C7D9004BD3A6 /* ClientTests.swift */; };
		C07CE9AF22E8DADE004BD3A6 /* MockData.swift in Sources */ = {isa = PBXBuildFile; fileRef = C07CE9AE22E8DADE004BD3A6 /* MockData.swift */; };
		C07CE9B122E8DE8E004BD3A6 /* EnumsTests.swift in Sources */ = {isa = PBXBuildFile; fileRef = C07CE9B022E8DE8E004BD3A6 /* EnumsTests.swift */; };
		C07CE9B622E8F7F8004BD3A6 /* CompleteData.json in Resources */ = {isa = PBXBuildFile; fileRef = C07CE9B522E8F7F8004BD3A6 /* CompleteData.json */; };
		C07CE9B822E8F810004BD3A6 /* MissingData.json in Resources */ = {isa = PBXBuildFile; fileRef = C07CE9B722E8F810004BD3A6 /* MissingData.json */; };
		C07CE9BA22E8F81B004BD3A6 /* WrongFormat.json in Resources */ = {isa = PBXBuildFile; fileRef = C07CE9B922E8F81B004BD3A6 /* WrongFormat.json */; };
		C07CE9BC22E8F828004BD3A6 /* Error.json in Resources */ = {isa = PBXBuildFile; fileRef = C07CE9BB22E8F828004BD3A6 /* Error.json */; };
		C07CE9BE22E90DD2004BD3A6 /* NetworkTests.swift in Sources */ = {isa = PBXBuildFile; fileRef = C07CE9BD22E90DD2004BD3A6 /* NetworkTests.swift */; };
		C07CE9C022EA07CB004BD3A6 /* MockDataTask.swift in Sources */ = {isa = PBXBuildFile; fileRef = C07CE9BF22EA07CB004BD3A6 /* MockDataTask.swift */; };
		C0856D1F22EA4F3E0079F536 /* ConstantsTests.swift in Sources */ = {isa = PBXBuildFile; fileRef = C0856D1E22EA4F3E0079F536 /* ConstantsTests.swift */; };
		C0AB2AA922DE82FC00A752C6 /* HomeModel.swift in Sources */ = {isa = PBXBuildFile; fileRef = C0AB2AA822DE82FC00A752C6 /* HomeModel.swift */; };
		C0AB2AAB22DE837D00A752C6 /* Job.swift in Sources */ = {isa = PBXBuildFile; fileRef = C0AB2AAA22DE837D00A752C6 /* Job.swift */; };
		C0D1F46D22EB57FA00F2CE0C /* MockHomeViewDelegate.swift in Sources */ = {isa = PBXBuildFile; fileRef = C0D1F46C22EB57FA00F2CE0C /* MockHomeViewDelegate.swift */; };
		C0D1F47122EB7DB600F2CE0C /* HomeModelTest.swift in Sources */ = {isa = PBXBuildFile; fileRef = C0D1F47022EB7DB600F2CE0C /* HomeModelTest.swift */; };
		C0DC71A522E61F6D006B8C51 /* Strings+Localized.swift in Sources */ = {isa = PBXBuildFile; fileRef = C0DC71A422E61F6D006B8C51 /* Strings+Localized.swift */; };
		C0E2F8F722DF8402004170D1 /* RequestProtocol.swift in Sources */ = {isa = PBXBuildFile; fileRef = C0E2F8F622DF8402004170D1 /* RequestProtocol.swift */; };
		C0E2F8F922DF8525004170D1 /* RequestManager.swift in Sources */ = {isa = PBXBuildFile; fileRef = C0E2F8F822DF8525004170D1 /* RequestManager.swift */; };
		C0E2F8FB22DF8C98004170D1 /* Config.xcconfig in Resources */ = {isa = PBXBuildFile; fileRef = C0E2F8FA22DF8C98004170D1 /* Config.xcconfig */; };
		C0E2F8FE22DFC9AB004170D1 /* Network.swift in Sources */ = {isa = PBXBuildFile; fileRef = C0E2F8FD22DFC9AB004170D1 /* Network.swift */; };
		C0E2F90422E0CB04004170D1 /* MockSession.swift in Sources */ = {isa = PBXBuildFile; fileRef = C0E2F90322E0CB04004170D1 /* MockSession.swift */; };
		C0E2F90A22E11C8F004170D1 /* HomeViewController+HomeViewDelegate.swift in Sources */ = {isa = PBXBuildFile; fileRef = C0E2F90922E11C8F004170D1 /* HomeViewController+HomeViewDelegate.swift */; };
		C0E2F90C22E12D8A004170D1 /* StringKeys.swift in Sources */ = {isa = PBXBuildFile; fileRef = C0E2F90B22E12D8A004170D1 /* StringKeys.swift */; };
		C0F53B6122E22B880079C17A /* Curriculum.swift in Sources */ = {isa = PBXBuildFile; fileRef = C0F53B6022E22B880079C17A /* Curriculum.swift */; };
		C0F53B6322E245DC0079C17A /* EmploymentsTableViewCell.xib in Resources */ = {isa = PBXBuildFile; fileRef = C0F53B6222E245DC0079C17A /* EmploymentsTableViewCell.xib */; };
		C0F53B6522E245F30079C17A /* EmploymentsTableViewCell.swift in Sources */ = {isa = PBXBuildFile; fileRef = C0F53B6422E245F30079C17A /* EmploymentsTableViewCell.swift */; };
		C0F53B6822E27F970079C17A /* Localizable.strings in Resources */ = {isa = PBXBuildFile; fileRef = C0F53B6A22E27F970079C17A /* Localizable.strings */; };
/* End PBXBuildFile section */

/* Begin PBXContainerItemProxy section */
		36C5CD2722DE6E1300BFF1C7 /* PBXContainerItemProxy */ = {
			isa = PBXContainerItemProxy;
			containerPortal = 36C5CD0A22DE6E1100BFF1C7 /* Project object */;
			proxyType = 1;
			remoteGlobalIDString = 36C5CD1122DE6E1100BFF1C7;
			remoteInfo = Curriculum;
		};
		36C5CD3222DE6E1300BFF1C7 /* PBXContainerItemProxy */ = {
			isa = PBXContainerItemProxy;
			containerPortal = 36C5CD0A22DE6E1100BFF1C7 /* Project object */;
			proxyType = 1;
			remoteGlobalIDString = 36C5CD1122DE6E1100BFF1C7;
			remoteInfo = Curriculum;
		};
/* End PBXContainerItemProxy section */

/* Begin PBXFileReference section */
		36AB0DB722DF765800794F6F /* Identifiers.swift */ = {isa = PBXFileReference; lastKnownFileType = sourcecode.swift; path = Identifiers.swift; sourceTree = "<group>"; };
		36B9BCFC22E0CF3300F77DA2 /* HomeViewController.swift */ = {isa = PBXFileReference; fileEncoding = 4; lastKnownFileType = sourcecode.swift; path = HomeViewController.swift; sourceTree = "<group>"; };
		36B9BD0222E0CF8000F77DA2 /* HomePresenter.swift */ = {isa = PBXFileReference; fileEncoding = 4; lastKnownFileType = sourcecode.swift; path = HomePresenter.swift; sourceTree = "<group>"; };
		36B9BD0622E0CF9300F77DA2 /* Base */ = {isa = PBXFileReference; lastKnownFileType = file.storyboard; name = Base; path = Base.lproj/LaunchScreen.storyboard; sourceTree = "<group>"; };
		36B9BD0822E0CF9300F77DA2 /* Base */ = {isa = PBXFileReference; lastKnownFileType = file.storyboard; name = Base; path = Base.lproj/Home.storyboard; sourceTree = "<group>"; };
		36C5CD1222DE6E1100BFF1C7 /* Curriculum.app */ = {isa = PBXFileReference; explicitFileType = wrapper.application; includeInIndex = 0; path = Curriculum.app; sourceTree = BUILT_PRODUCTS_DIR; };
		36C5CD1522DE6E1100BFF1C7 /* AppDelegate.swift */ = {isa = PBXFileReference; lastKnownFileType = sourcecode.swift; path = AppDelegate.swift; sourceTree = "<group>"; };
		36C5CD1C22DE6E1300BFF1C7 /* Assets.xcassets */ = {isa = PBXFileReference; lastKnownFileType = folder.assetcatalog; path = Assets.xcassets; sourceTree = "<group>"; };
		36C5CD2122DE6E1300BFF1C7 /* Info.plist */ = {isa = PBXFileReference; lastKnownFileType = text.plist.xml; path = Info.plist; sourceTree = "<group>"; };
		36C5CD2622DE6E1300BFF1C7 /* CurriculumTests.xctest */ = {isa = PBXFileReference; explicitFileType = wrapper.cfbundle; includeInIndex = 0; path = CurriculumTests.xctest; sourceTree = BUILT_PRODUCTS_DIR; };
		36C5CD2A22DE6E1300BFF1C7 /* HomePresenterTests.swift */ = {isa = PBXFileReference; lastKnownFileType = sourcecode.swift; path = HomePresenterTests.swift; sourceTree = "<group>"; };
		36C5CD2C22DE6E1300BFF1C7 /* Info.plist */ = {isa = PBXFileReference; lastKnownFileType = text.plist.xml; path = Info.plist; sourceTree = "<group>"; };
		36C5CD3122DE6E1300BFF1C7 /* CurriculumUITests.xctest */ = {isa = PBXFileReference; explicitFileType = wrapper.cfbundle; includeInIndex = 0; path = CurriculumUITests.xctest; sourceTree = BUILT_PRODUCTS_DIR; };
		36C5CD3522DE6E1300BFF1C7 /* CurriculumUITests.swift */ = {isa = PBXFileReference; lastKnownFileType = sourcecode.swift; path = CurriculumUITests.swift; sourceTree = "<group>"; };
		36C5CD3722DE6E1300BFF1C7 /* Info.plist */ = {isa = PBXFileReference; lastKnownFileType = text.plist.xml; path = Info.plist; sourceTree = "<group>"; };
		C07CE9AA22E8B6DA004BD3A6 /* HomeViewController+UITableView.swift */ = {isa = PBXFileReference; lastKnownFileType = sourcecode.swift; path = "HomeViewController+UITableView.swift"; sourceTree = "<group>"; };
		C07CE9AC22E8C7D9004BD3A6 /* ClientTests.swift */ = {isa = PBXFileReference; lastKnownFileType = sourcecode.swift; path = ClientTests.swift; sourceTree = "<group>"; };
		C07CE9AE22E8DADE004BD3A6 /* MockData.swift */ = {isa = PBXFileReference; lastKnownFileType = sourcecode.swift; path = MockData.swift; sourceTree = "<group>"; };
		C07CE9B022E8DE8E004BD3A6 /* EnumsTests.swift */ = {isa = PBXFileReference; lastKnownFileType = sourcecode.swift; path = EnumsTests.swift; sourceTree = "<group>"; };
		C07CE9B522E8F7F8004BD3A6 /* CompleteData.json */ = {isa = PBXFileReference; lastKnownFileType = text.json; name = CompleteData.json; path = CurriculumTests/Network/MockJSON/CompleteData.json; sourceTree = SOURCE_ROOT; };
		C07CE9B722E8F810004BD3A6 /* MissingData.json */ = {isa = PBXFileReference; lastKnownFileType = text.json; name = MissingData.json; path = CurriculumTests/Network/MockJSON/MissingData.json; sourceTree = SOURCE_ROOT; };
		C07CE9B922E8F81B004BD3A6 /* WrongFormat.json */ = {isa = PBXFileReference; lastKnownFileType = text.json; name = WrongFormat.json; path = CurriculumTests/Network/MockJSON/WrongFormat.json; sourceTree = SOURCE_ROOT; };
		C07CE9BB22E8F828004BD3A6 /* Error.json */ = {isa = PBXFileReference; lastKnownFileType = text.json; name = Error.json; path = CurriculumTests/Network/MockJSON/Error.json; sourceTree = SOURCE_ROOT; };
		C07CE9BD22E90DD2004BD3A6 /* NetworkTests.swift */ = {isa = PBXFileReference; lastKnownFileType = sourcecode.swift; path = NetworkTests.swift; sourceTree = "<group>"; };
		C07CE9BF22EA07CB004BD3A6 /* MockDataTask.swift */ = {isa = PBXFileReference; lastKnownFileType = sourcecode.swift; path = MockDataTask.swift; sourceTree = "<group>"; };
		C0856D1E22EA4F3E0079F536 /* ConstantsTests.swift */ = {isa = PBXFileReference; lastKnownFileType = sourcecode.swift; path = ConstantsTests.swift; sourceTree = "<group>"; };
		C0AB2AA822DE82FC00A752C6 /* HomeModel.swift */ = {isa = PBXFileReference; lastKnownFileType = sourcecode.swift; path = HomeModel.swift; sourceTree = "<group>"; };
		C0AB2AAA22DE837D00A752C6 /* Job.swift */ = {isa = PBXFileReference; lastKnownFileType = sourcecode.swift; path = Job.swift; sourceTree = "<group>"; };
		C0D1F46C22EB57FA00F2CE0C /* MockHomeViewDelegate.swift */ = {isa = PBXFileReference; lastKnownFileType = sourcecode.swift; path = MockHomeViewDelegate.swift; sourceTree = "<group>"; };
		C0D1F47022EB7DB600F2CE0C /* HomeModelTest.swift */ = {isa = PBXFileReference; lastKnownFileType = sourcecode.swift; path = HomeModelTest.swift; sourceTree = "<group>"; };
		C0DC71A422E61F6D006B8C51 /* Strings+Localized.swift */ = {isa = PBXFileReference; lastKnownFileType = sourcecode.swift; path = "Strings+Localized.swift"; sourceTree = "<group>"; };
		C0E2F8F622DF8402004170D1 /* RequestProtocol.swift */ = {isa = PBXFileReference; lastKnownFileType = sourcecode.swift; path = RequestProtocol.swift; sourceTree = "<group>"; };
		C0E2F8F822DF8525004170D1 /* RequestManager.swift */ = {isa = PBXFileReference; lastKnownFileType = sourcecode.swift; path = RequestManager.swift; sourceTree = "<group>"; };
		C0E2F8FA22DF8C98004170D1 /* Config.xcconfig */ = {isa = PBXFileReference; lastKnownFileType = text.xcconfig; path = Config.xcconfig; sourceTree = "<group>"; };
		C0E2F8FD22DFC9AB004170D1 /* Network.swift */ = {isa = PBXFileReference; lastKnownFileType = sourcecode.swift; path = Network.swift; sourceTree = "<group>"; };
		C0E2F90322E0CB04004170D1 /* MockSession.swift */ = {isa = PBXFileReference; fileEncoding = 4; lastKnownFileType = sourcecode.swift; path = MockSession.swift; sourceTree = "<group>"; };
		C0E2F90922E11C8F004170D1 /* HomeViewController+HomeViewDelegate.swift */ = {isa = PBXFileReference; lastKnownFileType = sourcecode.swift; path = "HomeViewController+HomeViewDelegate.swift"; sourceTree = "<group>"; };
		C0E2F90B22E12D8A004170D1 /* StringKeys.swift */ = {isa = PBXFileReference; lastKnownFileType = sourcecode.swift; path = StringKeys.swift; sourceTree = "<group>"; };
		C0F53B6022E22B880079C17A /* Curriculum.swift */ = {isa = PBXFileReference; lastKnownFileType = sourcecode.swift; path = Curriculum.swift; sourceTree = "<group>"; };
		C0F53B6222E245DC0079C17A /* EmploymentsTableViewCell.xib */ = {isa = PBXFileReference; lastKnownFileType = file.xib; path = EmploymentsTableViewCell.xib; sourceTree = "<group>"; };
		C0F53B6422E245F30079C17A /* EmploymentsTableViewCell.swift */ = {isa = PBXFileReference; lastKnownFileType = sourcecode.swift; path = EmploymentsTableViewCell.swift; sourceTree = "<group>"; };
		C0F53B6922E27F970079C17A /* en */ = {isa = PBXFileReference; lastKnownFileType = text.plist.strings; name = en; path = en.lproj/Localizable.strings; sourceTree = "<group>"; };
/* End PBXFileReference section */

/* Begin PBXFrameworksBuildPhase section */
		36C5CD0F22DE6E1100BFF1C7 /* Frameworks */ = {
			isa = PBXFrameworksBuildPhase;
			buildActionMask = 2147483647;
			files = (
			);
			runOnlyForDeploymentPostprocessing = 0;
		};
		36C5CD2322DE6E1300BFF1C7 /* Frameworks */ = {
			isa = PBXFrameworksBuildPhase;
			buildActionMask = 2147483647;
			files = (
			);
			runOnlyForDeploymentPostprocessing = 0;
		};
		36C5CD2E22DE6E1300BFF1C7 /* Frameworks */ = {
			isa = PBXFrameworksBuildPhase;
			buildActionMask = 2147483647;
			files = (
			);
			runOnlyForDeploymentPostprocessing = 0;
		};
/* End PBXFrameworksBuildPhase section */

/* Begin PBXGroup section */
		3608692C22DE7AE70088845B /* Extensions */ = {
			isa = PBXGroup;
			children = (
				C0DC71A422E61F6D006B8C51 /* Strings+Localized.swift */,
			);
			path = Extensions;
			sourceTree = "<group>";
		};
		3608692D22DE7AED0088845B /* Assets */ = {
			isa = PBXGroup;
			children = (
				36AB0DB522DF760500794F6F /* Enums */,
				36AB0DB422DF75F900794F6F /* Localizable */,
				36AB0DB622DF761200794F6F /* XConfig */,
				36C5CD1C22DE6E1300BFF1C7 /* Assets.xcassets */,
			);
			path = Assets;
			sourceTree = "<group>";
		};
		36AB0DB422DF75F900794F6F /* Localizable */ = {
			isa = PBXGroup;
			children = (
				C0F53B6A22E27F970079C17A /* Localizable.strings */,
			);
			path = Localizable;
			sourceTree = "<group>";
		};
		36AB0DB522DF760500794F6F /* Enums */ = {
			isa = PBXGroup;
			children = (
				36AB0DB722DF765800794F6F /* Identifiers.swift */,
				C0E2F8FD22DFC9AB004170D1 /* Network.swift */,
				C0E2F90B22E12D8A004170D1 /* StringKeys.swift */,
			);
			path = Enums;
			sourceTree = "<group>";
		};
		36AB0DB622DF761200794F6F /* XConfig */ = {
			isa = PBXGroup;
			children = (
				C0E2F8FA22DF8C98004170D1 /* Config.xcconfig */,
			);
			path = XConfig;
			sourceTree = "<group>";
		};
		36B9BCFB22E0CF3300F77DA2 /* Controller */ = {
			isa = PBXGroup;
			children = (
				36B9BCFC22E0CF3300F77DA2 /* HomeViewController.swift */,
				C07CE9AA22E8B6DA004BD3A6 /* HomeViewController+UITableView.swift */,
				C0E2F90922E11C8F004170D1 /* HomeViewController+HomeViewDelegate.swift */,
			);
			path = Controller;
			sourceTree = "<group>";
		};
		36B9BD0122E0CF8000F77DA2 /* Presenter */ = {
			isa = PBXGroup;
			children = (
				36B9BD0222E0CF8000F77DA2 /* HomePresenter.swift */,
			);
			path = Presenter;
			sourceTree = "<group>";
		};
		36B9BD0422E0CF9300F77DA2 /* Storyboards */ = {
			isa = PBXGroup;
			children = (
				36B9BD0522E0CF9300F77DA2 /* LaunchScreen.storyboard */,
				36B9BD0722E0CF9300F77DA2 /* Home.storyboard */,
			);
			path = Storyboards;
			sourceTree = "<group>";
		};
		36B9BD0E22E0D0FD00F77DA2 /* View */ = {
			isa = PBXGroup;
			children = (
				C0F53B6222E245DC0079C17A /* EmploymentsTableViewCell.xib */,
				C0F53B6422E245F30079C17A /* EmploymentsTableViewCell.swift */,
			);
			path = View;
			sourceTree = "<group>";
		};
		36C5CD0922DE6E1100BFF1C7 = {
			isa = PBXGroup;
			children = (
				36C5CD1422DE6E1100BFF1C7 /* Curriculum */,
				36C5CD2922DE6E1300BFF1C7 /* CurriculumTests */,
				36C5CD3422DE6E1300BFF1C7 /* CurriculumUITests */,
				36C5CD1322DE6E1100BFF1C7 /* Products */,
			);
			sourceTree = "<group>";
		};
		36C5CD1322DE6E1100BFF1C7 /* Products */ = {
			isa = PBXGroup;
			children = (
				36C5CD1222DE6E1100BFF1C7 /* Curriculum.app */,
				36C5CD2622DE6E1300BFF1C7 /* CurriculumTests.xctest */,
				36C5CD3122DE6E1300BFF1C7 /* CurriculumUITests.xctest */,
			);
			name = Products;
			sourceTree = "<group>";
		};
		36C5CD1422DE6E1100BFF1C7 /* Curriculum */ = {
			isa = PBXGroup;
			children = (
				36C5CD1522DE6E1100BFF1C7 /* AppDelegate.swift */,
				36C5CD2122DE6E1300BFF1C7 /* Info.plist */,
				3608692D22DE7AED0088845B /* Assets */,
				3608692C22DE7AE70088845B /* Extensions */,
				C0E2F8FC22DFC96C004170D1 /* Utils */,
				C0AB2AA722DE80AF00A752C6 /* Models */,
				36B9BCFB22E0CF3300F77DA2 /* Controller */,
				36B9BD0E22E0D0FD00F77DA2 /* View */,
				36B9BD0122E0CF8000F77DA2 /* Presenter */,
				C0E2F8F522DF837E004170D1 /* Network */,
				36B9BD0422E0CF9300F77DA2 /* Storyboards */,
			);
			path = Curriculum;
			sourceTree = "<group>";
		};
		36C5CD2922DE6E1300BFF1C7 /* CurriculumTests */ = {
			isa = PBXGroup;
			children = (
				C0E2F90022DFD3D2004170D1 /* Mock */,
				C0E2F8FF22DFD35D004170D1 /* Network */,
				C0D1F46E22EB592000F2CE0C /* Presenter */,
				C0D1F46F22EB7D8F00F2CE0C /* Model */,
				C0856D2022EA5F720079F536 /* Utils */,
				36C5CD2C22DE6E1300BFF1C7 /* Info.plist */,
			);
			path = CurriculumTests;
			sourceTree = "<group>";
		};
		36C5CD3422DE6E1300BFF1C7 /* CurriculumUITests */ = {
			isa = PBXGroup;
			children = (
				36C5CD3522DE6E1300BFF1C7 /* CurriculumUITests.swift */,
				36C5CD3722DE6E1300BFF1C7 /* Info.plist */,
			);
			path = CurriculumUITests;
			sourceTree = "<group>";
		};
		C07CE9B222E8F748004BD3A6 /* MockJSON */ = {
			isa = PBXGroup;
			children = (
				C07CE9B522E8F7F8004BD3A6 /* CompleteData.json */,
				C07CE9B722E8F810004BD3A6 /* MissingData.json */,
				C07CE9B922E8F81B004BD3A6 /* WrongFormat.json */,
				C07CE9BB22E8F828004BD3A6 /* Error.json */,
			);
			name = MockJSON;
			path = ../../MockJSON;
			sourceTree = "<group>";
		};
		C0856D2022EA5F720079F536 /* Utils */ = {
			isa = PBXGroup;
			children = (
				C07CE9B022E8DE8E004BD3A6 /* EnumsTests.swift */,
				C0856D1E22EA4F3E0079F536 /* ConstantsTests.swift */,
				C07CE9BD22E90DD2004BD3A6 /* NetworkTests.swift */,
			);
			path = Utils;
			sourceTree = "<group>";
		};
		C0AB2AA722DE80AF00A752C6 /* Models */ = {
			isa = PBXGroup;
			children = (
				C0AB2AA822DE82FC00A752C6 /* HomeModel.swift */,
				C0F53B6022E22B880079C17A /* Curriculum.swift */,
				C0AB2AAA22DE837D00A752C6 /* Job.swift */,
			);
			path = Models;
			sourceTree = "<group>";
		};
		C0D1F46E22EB592000F2CE0C /* Presenter */ = {
			isa = PBXGroup;
			children = (
				36C5CD2A22DE6E1300BFF1C7 /* HomePresenterTests.swift */,
			);
			path = Presenter;
			sourceTree = "<group>";
		};
		C0D1F46F22EB7D8F00F2CE0C /* Model */ = {
			isa = PBXGroup;
			children = (
				C0D1F47022EB7DB600F2CE0C /* HomeModelTest.swift */,
			);
			path = Model;
			sourceTree = "<group>";
		};
		C0E2F8F522DF837E004170D1 /* Network */ = {
			isa = PBXGroup;
			children = (
				C0E2F8F622DF8402004170D1 /* RequestProtocol.swift */,
				C0E2F8F822DF8525004170D1 /* RequestManager.swift */,
			);
			path = Network;
			sourceTree = "<group>";
		};
		C0E2F8FC22DFC96C004170D1 /* Utils */ = {
			isa = PBXGroup;
			children = (
			);
			path = Utils;
			sourceTree = "<group>";
		};
		C0E2F8FF22DFD35D004170D1 /* Network */ = {
			isa = PBXGroup;
			children = (
				C07CE9AC22E8C7D9004BD3A6 /* ClientTests.swift */,
			);
			path = Network;
			sourceTree = "<group>";
		};
		C0E2F90022DFD3D2004170D1 /* Mock */ = {
			isa = PBXGroup;
			children = (
				C07CE9B222E8F748004BD3A6 /* MockJSON */,
				C0E2F90322E0CB04004170D1 /* MockSession.swift */,
				C07CE9BF22EA07CB004BD3A6 /* MockDataTask.swift */,
				C07CE9AE22E8DADE004BD3A6 /* MockData.swift */,
				C0D1F46C22EB57FA00F2CE0C /* MockHomeViewDelegate.swift */,
			);
			path = Mock;
			sourceTree = "<group>";
		};
/* End PBXGroup section */

/* Begin PBXNativeTarget section */
		36C5CD1122DE6E1100BFF1C7 /* Curriculum */ = {
			isa = PBXNativeTarget;
			buildConfigurationList = 36C5CD3A22DE6E1300BFF1C7 /* Build configuration list for PBXNativeTarget "Curriculum" */;
			buildPhases = (
				36C5CD0E22DE6E1100BFF1C7 /* Sources */,
				36C5CD0F22DE6E1100BFF1C7 /* Frameworks */,
				36C5CD1022DE6E1100BFF1C7 /* Resources */,
			);
			buildRules = (
			);
			dependencies = (
			);
			name = Curriculum;
			productName = Curriculum;
			productReference = 36C5CD1222DE6E1100BFF1C7 /* Curriculum.app */;
			productType = "com.apple.product-type.application";
		};
		36C5CD2522DE6E1300BFF1C7 /* CurriculumTests */ = {
			isa = PBXNativeTarget;
			buildConfigurationList = 36C5CD3D22DE6E1300BFF1C7 /* Build configuration list for PBXNativeTarget "CurriculumTests" */;
			buildPhases = (
				36C5CD2222DE6E1300BFF1C7 /* Sources */,
				36C5CD2322DE6E1300BFF1C7 /* Frameworks */,
				36C5CD2422DE6E1300BFF1C7 /* Resources */,
			);
			buildRules = (
			);
			dependencies = (
				36C5CD2822DE6E1300BFF1C7 /* PBXTargetDependency */,
			);
			name = CurriculumTests;
			productName = CurriculumTests;
			productReference = 36C5CD2622DE6E1300BFF1C7 /* CurriculumTests.xctest */;
			productType = "com.apple.product-type.bundle.unit-test";
		};
		36C5CD3022DE6E1300BFF1C7 /* CurriculumUITests */ = {
			isa = PBXNativeTarget;
			buildConfigurationList = 36C5CD4022DE6E1300BFF1C7 /* Build configuration list for PBXNativeTarget "CurriculumUITests" */;
			buildPhases = (
				36C5CD2D22DE6E1300BFF1C7 /* Sources */,
				36C5CD2E22DE6E1300BFF1C7 /* Frameworks */,
				36C5CD2F22DE6E1300BFF1C7 /* Resources */,
			);
			buildRules = (
			);
			dependencies = (
				36C5CD3322DE6E1300BFF1C7 /* PBXTargetDependency */,
			);
			name = CurriculumUITests;
			productName = CurriculumUITests;
			productReference = 36C5CD3122DE6E1300BFF1C7 /* CurriculumUITests.xctest */;
			productType = "com.apple.product-type.bundle.ui-testing";
		};
/* End PBXNativeTarget section */

/* Begin PBXProject section */
		36C5CD0A22DE6E1100BFF1C7 /* Project object */ = {
			isa = PBXProject;
			attributes = {
				LastSwiftUpdateCheck = 1010;
				LastUpgradeCheck = 1010;
				TargetAttributes = {
					36C5CD1122DE6E1100BFF1C7 = {
						CreatedOnToolsVersion = 10.1;
					};
					36C5CD2522DE6E1300BFF1C7 = {
						CreatedOnToolsVersion = 10.1;
						TestTargetID = 36C5CD1122DE6E1100BFF1C7;
					};
					36C5CD3022DE6E1300BFF1C7 = {
						CreatedOnToolsVersion = 10.1;
						TestTargetID = 36C5CD1122DE6E1100BFF1C7;
					};
				};
			};
			buildConfigurationList = 36C5CD0D22DE6E1100BFF1C7 /* Build configuration list for PBXProject "Curriculum" */;
			compatibilityVersion = "Xcode 9.3";
			developmentRegion = en;
			hasScannedForEncodings = 0;
			knownRegions = (
				en,
				Base,
			);
			mainGroup = 36C5CD0922DE6E1100BFF1C7;
			productRefGroup = 36C5CD1322DE6E1100BFF1C7 /* Products */;
			projectDirPath = "";
			projectRoot = "";
			targets = (
				36C5CD1122DE6E1100BFF1C7 /* Curriculum */,
				36C5CD2522DE6E1300BFF1C7 /* CurriculumTests */,
				36C5CD3022DE6E1300BFF1C7 /* CurriculumUITests */,
			);
		};
/* End PBXProject section */

/* Begin PBXResourcesBuildPhase section */
		36C5CD1022DE6E1100BFF1C7 /* Resources */ = {
			isa = PBXResourcesBuildPhase;
			buildActionMask = 2147483647;
			files = (
				C0E2F8FB22DF8C98004170D1 /* Config.xcconfig in Resources */,
				C0F53B6822E27F970079C17A /* Localizable.strings in Resources */,
				36C5CD1D22DE6E1300BFF1C7 /* Assets.xcassets in Resources */,
				C0F53B6322E245DC0079C17A /* EmploymentsTableViewCell.xib in Resources */,
				36B9BD0A22E0CF9300F77DA2 /* Home.storyboard in Resources */,
				36B9BD0922E0CF9300F77DA2 /* LaunchScreen.storyboard in Resources */,
			);
			runOnlyForDeploymentPostprocessing = 0;
		};
		36C5CD2422DE6E1300BFF1C7 /* Resources */ = {
			isa = PBXResourcesBuildPhase;
			buildActionMask = 2147483647;
			files = (
				C07CE9BC22E8F828004BD3A6 /* Error.json in Resources */,
				C07CE9B822E8F810004BD3A6 /* MissingData.json in Resources */,
				C07CE9B622E8F7F8004BD3A6 /* CompleteData.json in Resources */,
				C07CE9BA22E8F81B004BD3A6 /* WrongFormat.json in Resources */,
			);
			runOnlyForDeploymentPostprocessing = 0;
		};
		36C5CD2F22DE6E1300BFF1C7 /* Resources */ = {
			isa = PBXResourcesBuildPhase;
			buildActionMask = 2147483647;
			files = (
			);
			runOnlyForDeploymentPostprocessing = 0;
		};
/* End PBXResourcesBuildPhase section */

/* Begin PBXSourcesBuildPhase section */
		36C5CD0E22DE6E1100BFF1C7 /* Sources */ = {
			isa = PBXSourcesBuildPhase;
			buildActionMask = 2147483647;
			files = (
				C0DC71A522E61F6D006B8C51 /* Strings+Localized.swift in Sources */,
				36B9BCF922E0CED800F77DA2 /* Identifiers.swift in Sources */,
				C0F53B6522E245F30079C17A /* EmploymentsTableViewCell.swift in Sources */,
				C0AB2AA922DE82FC00A752C6 /* HomeModel.swift in Sources */,
				C0E2F90A22E11C8F004170D1 /* HomeViewController+HomeViewDelegate.swift in Sources */,
				C0AB2AAB22DE837D00A752C6 /* Job.swift in Sources */,
				C0F53B6122E22B880079C17A /* Curriculum.swift in Sources */,
				C0E2F8F922DF8525004170D1 /* RequestManager.swift in Sources */,
				36B9BCFD22E0CF3300F77DA2 /* HomeViewController.swift in Sources */,
				C0E2F8FE22DFC9AB004170D1 /* Network.swift in Sources */,
				36C5CD1622DE6E1100BFF1C7 /* AppDelegate.swift in Sources */,
				C0E2F8F722DF8402004170D1 /* RequestProtocol.swift in Sources */,
				C0E2F90C22E12D8A004170D1 /* StringKeys.swift in Sources */,
				C07CE9AB22E8B6DA004BD3A6 /* HomeViewController+UITableView.swift in Sources */,
				36B9BD0322E0CF8000F77DA2 /* HomePresenter.swift in Sources */,
			);
			runOnlyForDeploymentPostprocessing = 0;
		};
		36C5CD2222DE6E1300BFF1C7 /* Sources */ = {
			isa = PBXSourcesBuildPhase;
			buildActionMask = 2147483647;
			files = (
				C07CE9AF22E8DADE004BD3A6 /* MockData.swift in Sources */,
				C07CE9C022EA07CB004BD3A6 /* MockDataTask.swift in Sources */,
				C0E2F90422E0CB04004170D1 /* MockSession.swift in Sources */,
				C07CE9BE22E90DD2004BD3A6 /* NetworkTests.swift in Sources */,
				C0D1F47122EB7DB600F2CE0C /* HomeModelTest.swift in Sources */,
				C07CE9B122E8DE8E004BD3A6 /* EnumsTests.swift in Sources */,
				C0D1F46D22EB57FA00F2CE0C /* MockHomeViewDelegate.swift in Sources */,
				C07CE9AD22E8C7D9004BD3A6 /* ClientTests.swift in Sources */,
				36C5CD2B22DE6E1300BFF1C7 /* HomePresenterTests.swift in Sources */,
				C0856D1F22EA4F3E0079F536 /* ConstantsTests.swift in Sources */,
			);
			runOnlyForDeploymentPostprocessing = 0;
		};
		36C5CD2D22DE6E1300BFF1C7 /* Sources */ = {
			isa = PBXSourcesBuildPhase;
			buildActionMask = 2147483647;
			files = (
				36C5CD3622DE6E1300BFF1C7 /* CurriculumUITests.swift in Sources */,
			);
			runOnlyForDeploymentPostprocessing = 0;
		};
/* End PBXSourcesBuildPhase section */

/* Begin PBXTargetDependency section */
		36C5CD2822DE6E1300BFF1C7 /* PBXTargetDependency */ = {
			isa = PBXTargetDependency;
			target = 36C5CD1122DE6E1100BFF1C7 /* Curriculum */;
			targetProxy = 36C5CD2722DE6E1300BFF1C7 /* PBXContainerItemProxy */;
		};
		36C5CD3322DE6E1300BFF1C7 /* PBXTargetDependency */ = {
			isa = PBXTargetDependency;
			target = 36C5CD1122DE6E1100BFF1C7 /* Curriculum */;
			targetProxy = 36C5CD3222DE6E1300BFF1C7 /* PBXContainerItemProxy */;
		};
/* End PBXTargetDependency section */

/* Begin PBXVariantGroup section */
		36B9BD0522E0CF9300F77DA2 /* LaunchScreen.storyboard */ = {
			isa = PBXVariantGroup;
			children = (
				36B9BD0622E0CF9300F77DA2 /* Base */,
			);
			name = LaunchScreen.storyboard;
			sourceTree = "<group>";
		};
		36B9BD0722E0CF9300F77DA2 /* Home.storyboard */ = {
			isa = PBXVariantGroup;
			children = (
				36B9BD0822E0CF9300F77DA2 /* Base */,
			);
			name = Home.storyboard;
			sourceTree = "<group>";
		};
		C0F53B6A22E27F970079C17A /* Localizable.strings */ = {
			isa = PBXVariantGroup;
			children = (
				C0F53B6922E27F970079C17A /* en */,
			);
			name = Localizable.strings;
			path = Curriculum/Localizable;
			sourceTree = SOURCE_ROOT;
		};
/* End PBXVariantGroup section */

/* Begin XCBuildConfiguration section */
		36C5CD3822DE6E1300BFF1C7 /* Debug */ = {
			isa = XCBuildConfiguration;
			baseConfigurationReference = C0E2F8FA22DF8C98004170D1 /* Config.xcconfig */;
			buildSettings = {
				ALWAYS_SEARCH_USER_PATHS = NO;
				CLANG_ANALYZER_NONNULL = YES;
				CLANG_ANALYZER_NUMBER_OBJECT_CONVERSION = YES_AGGRESSIVE;
				CLANG_CXX_LANGUAGE_STANDARD = "gnu++14";
				CLANG_CXX_LIBRARY = "libc++";
				CLANG_ENABLE_MODULES = YES;
				CLANG_ENABLE_OBJC_ARC = YES;
				CLANG_ENABLE_OBJC_WEAK = YES;
				CLANG_WARN_BLOCK_CAPTURE_AUTORELEASING = YES;
				CLANG_WARN_BOOL_CONVERSION = YES;
				CLANG_WARN_COMMA = YES;
				CLANG_WARN_CONSTANT_CONVERSION = YES;
				CLANG_WARN_DEPRECATED_OBJC_IMPLEMENTATIONS = YES;
				CLANG_WARN_DIRECT_OBJC_ISA_USAGE = YES_ERROR;
				CLANG_WARN_DOCUMENTATION_COMMENTS = YES;
				CLANG_WARN_EMPTY_BODY = YES;
				CLANG_WARN_ENUM_CONVERSION = YES;
				CLANG_WARN_INFINITE_RECURSION = YES;
				CLANG_WARN_INT_CONVERSION = YES;
				CLANG_WARN_NON_LITERAL_NULL_CONVERSION = YES;
				CLANG_WARN_OBJC_IMPLICIT_RETAIN_SELF = YES;
				CLANG_WARN_OBJC_LITERAL_CONVERSION = YES;
				CLANG_WARN_OBJC_ROOT_CLASS = YES_ERROR;
				CLANG_WARN_RANGE_LOOP_ANALYSIS = YES;
				CLANG_WARN_STRICT_PROTOTYPES = YES;
				CLANG_WARN_SUSPICIOUS_MOVE = YES;
				CLANG_WARN_UNGUARDED_AVAILABILITY = YES_AGGRESSIVE;
				CLANG_WARN_UNREACHABLE_CODE = YES;
				CLANG_WARN__DUPLICATE_METHOD_MATCH = YES;
				CODE_SIGN_IDENTITY = "iPhone Developer";
				COPY_PHASE_STRIP = NO;
				DEBUG_INFORMATION_FORMAT = dwarf;
				ENABLE_STRICT_OBJC_MSGSEND = YES;
				ENABLE_TESTABILITY = YES;
				GCC_C_LANGUAGE_STANDARD = gnu11;
				GCC_DYNAMIC_NO_PIC = NO;
				GCC_NO_COMMON_BLOCKS = YES;
				GCC_OPTIMIZATION_LEVEL = 0;
				GCC_PREPROCESSOR_DEFINITIONS = (
					"DEBUG=1",
					"$(inherited)",
				);
				GCC_WARN_64_TO_32_BIT_CONVERSION = YES;
				GCC_WARN_ABOUT_RETURN_TYPE = YES_ERROR;
				GCC_WARN_UNDECLARED_SELECTOR = YES;
				GCC_WARN_UNINITIALIZED_AUTOS = YES_AGGRESSIVE;
				GCC_WARN_UNUSED_FUNCTION = YES;
				GCC_WARN_UNUSED_VARIABLE = YES;
				IPHONEOS_DEPLOYMENT_TARGET = 12.1;
				MTL_ENABLE_DEBUG_INFO = INCLUDE_SOURCE;
				MTL_FAST_MATH = YES;
				ONLY_ACTIVE_ARCH = YES;
				SDKROOT = iphoneos;
				SWIFT_ACTIVE_COMPILATION_CONDITIONS = DEBUG;
				SWIFT_OPTIMIZATION_LEVEL = "-Onone";
				SWIFT_VERSION = 4.2;
			};
			name = Debug;
		};
		36C5CD3922DE6E1300BFF1C7 /* Release */ = {
			isa = XCBuildConfiguration;
			baseConfigurationReference = C0E2F8FA22DF8C98004170D1 /* Config.xcconfig */;
			buildSettings = {
				ALWAYS_SEARCH_USER_PATHS = NO;
				CLANG_ANALYZER_NONNULL = YES;
				CLANG_ANALYZER_NUMBER_OBJECT_CONVERSION = YES_AGGRESSIVE;
				CLANG_CXX_LANGUAGE_STANDARD = "gnu++14";
				CLANG_CXX_LIBRARY = "libc++";
				CLANG_ENABLE_MODULES = YES;
				CLANG_ENABLE_OBJC_ARC = YES;
				CLANG_ENABLE_OBJC_WEAK = YES;
				CLANG_WARN_BLOCK_CAPTURE_AUTORELEASING = YES;
				CLANG_WARN_BOOL_CONVERSION = YES;
				CLANG_WARN_COMMA = YES;
				CLANG_WARN_CONSTANT_CONVERSION = YES;
				CLANG_WARN_DEPRECATED_OBJC_IMPLEMENTATIONS = YES;
				CLANG_WARN_DIRECT_OBJC_ISA_USAGE = YES_ERROR;
				CLANG_WARN_DOCUMENTATION_COMMENTS = YES;
				CLANG_WARN_EMPTY_BODY = YES;
				CLANG_WARN_ENUM_CONVERSION = YES;
				CLANG_WARN_INFINITE_RECURSION = YES;
				CLANG_WARN_INT_CONVERSION = YES;
				CLANG_WARN_NON_LITERAL_NULL_CONVERSION = YES;
				CLANG_WARN_OBJC_IMPLICIT_RETAIN_SELF = YES;
				CLANG_WARN_OBJC_LITERAL_CONVERSION = YES;
				CLANG_WARN_OBJC_ROOT_CLASS = YES_ERROR;
				CLANG_WARN_RANGE_LOOP_ANALYSIS = YES;
				CLANG_WARN_STRICT_PROTOTYPES = YES;
				CLANG_WARN_SUSPICIOUS_MOVE = YES;
				CLANG_WARN_UNGUARDED_AVAILABILITY = YES_AGGRESSIVE;
				CLANG_WARN_UNREACHABLE_CODE = YES;
				CLANG_WARN__DUPLICATE_METHOD_MATCH = YES;
				CODE_SIGN_IDENTITY = "iPhone Developer";
				COPY_PHASE_STRIP = NO;
				DEBUG_INFORMATION_FORMAT = "dwarf-with-dsym";
				ENABLE_NS_ASSERTIONS = NO;
				ENABLE_STRICT_OBJC_MSGSEND = YES;
				GCC_C_LANGUAGE_STANDARD = gnu11;
				GCC_NO_COMMON_BLOCKS = YES;
				GCC_WARN_64_TO_32_BIT_CONVERSION = YES;
				GCC_WARN_ABOUT_RETURN_TYPE = YES_ERROR;
				GCC_WARN_UNDECLARED_SELECTOR = YES;
				GCC_WARN_UNINITIALIZED_AUTOS = YES_AGGRESSIVE;
				GCC_WARN_UNUSED_FUNCTION = YES;
				GCC_WARN_UNUSED_VARIABLE = YES;
				IPHONEOS_DEPLOYMENT_TARGET = 12.1;
				MTL_ENABLE_DEBUG_INFO = NO;
				MTL_FAST_MATH = YES;
				SDKROOT = iphoneos;
				SWIFT_COMPILATION_MODE = wholemodule;
				SWIFT_OPTIMIZATION_LEVEL = "-O";
				SWIFT_VERSION = 4.2;
				VALIDATE_PRODUCT = YES;
			};
			name = Release;
		};
		36C5CD3B22DE6E1300BFF1C7 /* Debug */ = {
			isa = XCBuildConfiguration;
			baseConfigurationReference = C0E2F8FA22DF8C98004170D1 /* Config.xcconfig */;
			buildSettings = {
				ASSETCATALOG_COMPILER_APPICON_NAME = AppIcon;
				CODE_SIGN_STYLE = Automatic;
				INFOPLIST_FILE = Curriculum/Info.plist;
				LD_RUNPATH_SEARCH_PATHS = (
					"$(inherited)",
					"@executable_path/Frameworks",
				);
				PRODUCT_BUNDLE_IDENTIFIER = globant.Curriculum;
				PRODUCT_NAME = "$(TARGET_NAME)";
				SWIFT_VERSION = 4.2;
				TARGETED_DEVICE_FAMILY = 1;
			};
			name = Debug;
		};
		36C5CD3C22DE6E1300BFF1C7 /* Release */ = {
			isa = XCBuildConfiguration;
			baseConfigurationReference = C0E2F8FA22DF8C98004170D1 /* Config.xcconfig */;
			buildSettings = {
				ASSETCATALOG_COMPILER_APPICON_NAME = AppIcon;
				CODE_SIGN_STYLE = Automatic;
				INFOPLIST_FILE = Curriculum/Info.plist;
				LD_RUNPATH_SEARCH_PATHS = (
					"$(inherited)",
					"@executable_path/Frameworks",
				);
				PRODUCT_BUNDLE_IDENTIFIER = globant.Curriculum;
				PRODUCT_NAME = "$(TARGET_NAME)";
				SWIFT_VERSION = 4.2;
				TARGETED_DEVICE_FAMILY = 1;
			};
			name = Release;
		};
		36C5CD3E22DE6E1300BFF1C7 /* Debug */ = {
			isa = XCBuildConfiguration;
			baseConfigurationReference = C0E2F8FA22DF8C98004170D1 /* Config.xcconfig */;
			buildSettings = {
				ALWAYS_EMBED_SWIFT_STANDARD_LIBRARIES = YES;
				BUNDLE_LOADER = "$(TEST_HOST)";
				CODE_SIGN_STYLE = Automatic;
				INFOPLIST_FILE = CurriculumTests/Info.plist;
				LD_RUNPATH_SEARCH_PATHS = (
					"$(inherited)",
					"@executable_path/Frameworks",
					"@loader_path/Frameworks",
				);
				PRODUCT_BUNDLE_IDENTIFIER = globant.CurriculumTests;
				PRODUCT_NAME = "$(TARGET_NAME)";
				SWIFT_VERSION = 4.2;
				TARGETED_DEVICE_FAMILY = "1,2";
				TEST_HOST = "$(BUILT_PRODUCTS_DIR)/Curriculum.app/Curriculum";
			};
			name = Debug;
		};
		36C5CD3F22DE6E1300BFF1C7 /* Release */ = {
			isa = XCBuildConfiguration;
			baseConfigurationReference = C0E2F8FA22DF8C98004170D1 /* Config.xcconfig */;
			buildSettings = {
				ALWAYS_EMBED_SWIFT_STANDARD_LIBRARIES = YES;
				BUNDLE_LOADER = "$(TEST_HOST)";
				CODE_SIGN_STYLE = Automatic;
				INFOPLIST_FILE = CurriculumTests/Info.plist;
				LD_RUNPATH_SEARCH_PATHS = (
					"$(inherited)",
					"@executable_path/Frameworks",
					"@loader_path/Frameworks",
				);
				PRODUCT_BUNDLE_IDENTIFIER = globant.CurriculumTests;
				PRODUCT_NAME = "$(TARGET_NAME)";
				SWIFT_VERSION = 4.2;
				TARGETED_DEVICE_FAMILY = "1,2";
				TEST_HOST = "$(BUILT_PRODUCTS_DIR)/Curriculum.app/Curriculum";
			};
			name = Release;
		};
		36C5CD4122DE6E1300BFF1C7 /* Debug */ = {
			isa = XCBuildConfiguration;
			baseConfigurationReference = C0E2F8FA22DF8C98004170D1 /* Config.xcconfig */;
			buildSettings = {
				ALWAYS_EMBED_SWIFT_STANDARD_LIBRARIES = YES;
				CODE_SIGN_STYLE = Automatic;
				INFOPLIST_FILE = CurriculumUITests/Info.plist;
				LD_RUNPATH_SEARCH_PATHS = (
					"$(inherited)",
					"@executable_path/Frameworks",
					"@loader_path/Frameworks",
				);
				PRODUCT_BUNDLE_IDENTIFIER = globant.CurriculumUITests;
				PRODUCT_NAME = "$(TARGET_NAME)";
				SWIFT_VERSION = 4.2;
				TARGETED_DEVICE_FAMILY = "1,2";
				TEST_TARGET_NAME = Curriculum;
			};
			name = Debug;
		};
		36C5CD4222DE6E1300BFF1C7 /* Release */ = {
			isa = XCBuildConfiguration;
			baseConfigurationReference = C0E2F8FA22DF8C98004170D1 /* Config.xcconfig */;
			buildSettings = {
				ALWAYS_EMBED_SWIFT_STANDARD_LIBRARIES = YES;
				CODE_SIGN_STYLE = Automatic;
				INFOPLIST_FILE = CurriculumUITests/Info.plist;
				LD_RUNPATH_SEARCH_PATHS = (
					"$(inherited)",
					"@executable_path/Frameworks",
					"@loader_path/Frameworks",
				);
				PRODUCT_BUNDLE_IDENTIFIER = globant.CurriculumUITests;
				PRODUCT_NAME = "$(TARGET_NAME)";
				SWIFT_VERSION = 4.2;
				TARGETED_DEVICE_FAMILY = "1,2";
				TEST_TARGET_NAME = Curriculum;
			};
			name = Release;
		};
/* End XCBuildConfiguration section */

/* Begin XCConfigurationList section */
		36C5CD0D22DE6E1100BFF1C7 /* Build configuration list for PBXProject "Curriculum" */ = {
			isa = XCConfigurationList;
			buildConfigurations = (
				36C5CD3822DE6E1300BFF1C7 /* Debug */,
				36C5CD3922DE6E1300BFF1C7 /* Release */,
			);
			defaultConfigurationIsVisible = 0;
			defaultConfigurationName = Release;
		};
		36C5CD3A22DE6E1300BFF1C7 /* Build configuration list for PBXNativeTarget "Curriculum" */ = {
			isa = XCConfigurationList;
			buildConfigurations = (
				36C5CD3B22DE6E1300BFF1C7 /* Debug */,
				36C5CD3C22DE6E1300BFF1C7 /* Release */,
			);
			defaultConfigurationIsVisible = 0;
			defaultConfigurationName = Release;
		};
		36C5CD3D22DE6E1300BFF1C7 /* Build configuration list for PBXNativeTarget "CurriculumTests" */ = {
			isa = XCConfigurationList;
			buildConfigurations = (
				36C5CD3E22DE6E1300BFF1C7 /* Debug */,
				36C5CD3F22DE6E1300BFF1C7 /* Release */,
			);
			defaultConfigurationIsVisible = 0;
			defaultConfigurationName = Release;
		};
		36C5CD4022DE6E1300BFF1C7 /* Build configuration list for PBXNativeTarget "CurriculumUITests" */ = {
			isa = XCConfigurationList;
			buildConfigurations = (
				36C5CD4122DE6E1300BFF1C7 /* Debug */,
				36C5CD4222DE6E1300BFF1C7 /* Release */,
			);
			defaultConfigurationIsVisible = 0;
			defaultConfigurationName = Release;
		};
/* End XCConfigurationList section */
	};
	rootObject = 36C5CD0A22DE6E1100BFF1C7 /* Project object */;
}
